
Microsoft Visual Studio Solution File, Format Version 12.00
# Visual Studio Version 17
VisualStudioVersion = 17.8.34511.84
MinimumVisualStudioVersion = 10.0.40219.1
Project("{FAE04EC0-301F-11D3-BF4B-00C04F79EFBC}") = "GamesStore.API", "GamesStore.API.csproj", "{80CD8E1E-5EE1-4FA9-9189-85639206A86D}"
EndProject
Global
	GlobalSection(SolutionConfigurationPlatforms) = preSolution
		Debug|Any CPU = Debug|Any CPU
		Release|Any CPU = Release|Any CPU
	EndGlobalSection
	GlobalSection(ProjectConfigurationPlatforms) = postSolution
		{80CD8E1E-5EE1-4FA9-9189-85639206A86D}.Debug|Any CPU.ActiveCfg = Debug|Any CPU
		{80CD8E1E-5EE1-4FA9-9189-85639206A86D}.Debug|Any CPU.Build.0 = Debug|Any CPU
		{80CD8E1E-5EE1-4FA9-9189-85639206A86D}.Release|Any CPU.ActiveCfg = Release|Any CPU
		{80CD8E1E-5EE1-4FA9-9189-85639206A86D}.Release|Any CPU.Build.0 = Release|Any CPU
	EndGlobalSection
	GlobalSection(SolutionProperties) = preSolution
		HideSolutionNode = FALSE
	EndGlobalSection
	GlobalSection(ExtensibilityGlobals) = postSolution
		SolutionGuid = {0120678A-0B39-40AD-962E-C02E86FFEF9A}
	EndGlobalSection
EndGlobal
